
Microsoft Visual Studio Solution File, Format Version 12.00
# Visual Studio Version 16
VisualStudioVersion = 16.0.30717.126
MinimumVisualStudioVersion = 10.0.40219.1
Project("{FAE04EC0-301F-11D3-BF4B-00C04F79EFBC}") = "Vistas", "Vistas\Vistas.csproj", "{772D65A2-7DD7-485D-B13B-BE2377EF7AE6}"
EndProject
Project("{FAE04EC0-301F-11D3-BF4B-00C04F79EFBC}") = "Dao", "Dao\Dao.csproj", "{0C17EA1E-C301-4C0E-BF4E-B80A0A362D62}"
EndProject
Project("{FAE04EC0-301F-11D3-BF4B-00C04F79EFBC}") = "Negocio", "Negocio\Negocio.csproj", "{DF7F5600-645F-45CE-92D6-C940CE55EAB1}"
EndProject
Project("{FAE04EC0-301F-11D3-BF4B-00C04F79EFBC}") = "Entidades", "Entidades\Entidades.csproj", "{D924BA45-A9C9-492F-B37F-B65FADA6EA44}"
EndProject
Global
	GlobalSection(SolutionConfigurationPlatforms) = preSolution
		Debug|Any CPU = Debug|Any CPU
		Release|Any CPU = Release|Any CPU
	EndGlobalSection
	GlobalSection(ProjectConfigurationPlatforms) = postSolution
		{772D65A2-7DD7-485D-B13B-BE2377EF7AE6}.Debug|Any CPU.ActiveCfg = Debug|Any CPU
		{772D65A2-7DD7-485D-B13B-BE2377EF7AE6}.Debug|Any CPU.Build.0 = Debug|Any CPU
		{772D65A2-7DD7-485D-B13B-BE2377EF7AE6}.Release|Any CPU.ActiveCfg = Release|Any CPU
		{772D65A2-7DD7-485D-B13B-BE2377EF7AE6}.Release|Any CPU.Build.0 = Release|Any CPU
		{0C17EA1E-C301-4C0E-BF4E-B80A0A362D62}.Debug|Any CPU.ActiveCfg = Debug|Any CPU
		{0C17EA1E-C301-4C0E-BF4E-B80A0A362D62}.Debug|Any CPU.Build.0 = Debug|Any CPU
		{0C17EA1E-C301-4C0E-BF4E-B80A0A362D62}.Release|Any CPU.ActiveCfg = Release|Any CPU
		{0C17EA1E-C301-4C0E-BF4E-B80A0A362D62}.Release|Any CPU.Build.0 = Release|Any CPU
		{DF7F5600-645F-45CE-92D6-C940CE55EAB1}.Debug|Any CPU.ActiveCfg = Debug|Any CPU
		{DF7F5600-645F-45CE-92D6-C940CE55EAB1}.Debug|Any CPU.Build.0 = Debug|Any CPU
		{DF7F5600-645F-45CE-92D6-C940CE55EAB1}.Release|Any CPU.ActiveCfg = Release|Any CPU
		{DF7F5600-645F-45CE-92D6-C940CE55EAB1}.Release|Any CPU.Build.0 = Release|Any CPU
		{D924BA45-A9C9-492F-B37F-B65FADA6EA44}.Debug|Any CPU.ActiveCfg = Debug|Any CPU
		{D924BA45-A9C9-492F-B37F-B65FADA6EA44}.Debug|Any CPU.Build.0 = Debug|Any CPU
		{D924BA45-A9C9-492F-B37F-B65FADA6EA44}.Release|Any CPU.ActiveCfg = Release|Any CPU
		{D924BA45-A9C9-492F-B37F-B65FADA6EA44}.Release|Any CPU.Build.0 = Release|Any CPU
	EndGlobalSection
	GlobalSection(SolutionProperties) = preSolution
		HideSolutionNode = FALSE
	EndGlobalSection
	GlobalSection(ExtensibilityGlobals) = postSolution
		SolutionGuid = {68688224-AB9F-4262-BB03-9D713DF6456E}
	EndGlobalSection
EndGlobal
